
Microsoft Visual Studio Solution File, Format Version 12.00
# Visual Studio 15
VisualStudioVersion = 15.0.27428.2037
MinimumVisualStudioVersion = 10.0.40219.1
Project("{FAE04EC0-301F-11D3-BF4B-00C04F79EFBC}") = "TODOList", "TODOList\TODOList.csproj", "{C1C7E41A-070A-4339-931A-0303DA2D6B80}"
EndProject
Global
	GlobalSection(SolutionConfigurationPlatforms) = preSolution
		Debug|Any CPU = Debug|Any CPU
		Release|Any CPU = Release|Any CPU
	EndGlobalSection
	GlobalSection(ProjectConfigurationPlatforms) = postSolution
		{C1C7E41A-070A-4339-931A-0303DA2D6B80}.Debug|Any CPU.ActiveCfg = Debug|Any CPU
		{C1C7E41A-070A-4339-931A-0303DA2D6B80}.Debug|Any CPU.Build.0 = Debug|Any CPU
		{C1C7E41A-070A-4339-931A-0303DA2D6B80}.Release|Any CPU.ActiveCfg = Release|Any CPU
		{C1C7E41A-070A-4339-931A-0303DA2D6B80}.Release|Any CPU.Build.0 = Release|Any CPU
	EndGlobalSection
	GlobalSection(SolutionProperties) = preSolution
		HideSolutionNode = FALSE
	EndGlobalSection
	GlobalSection(ExtensibilityGlobals) = postSolution
		SolutionGuid = {39D8F9E2-1E4E-4B6C-A941-07D244332AE2}
	EndGlobalSection
EndGlobal
