
Microsoft Visual Studio Solution File, Format Version 12.00
# Visual Studio 15
VisualStudioVersion = 15.0.26730.16
MinimumVisualStudioVersion = 10.0.40219.1
Project("{FAE04EC0-301F-11D3-BF4B-00C04F79EFBC}") = "01.RectangleOf10X10Stars", "01.RectangleOf10X10Stars\01.RectangleOf10X10Stars.csproj", "{2D1CEBF3-73A2-4B46-A4DD-7DF0C44C39F8}"
EndProject
Project("{FAE04EC0-301F-11D3-BF4B-00C04F79EFBC}") = "02.RectangleOfNXNStars", "02.RectangleOfNXNStars\02.RectangleOfNXNStars.csproj", "{D77242BB-8420-4DA4-9464-C24916FD4A41}"
EndProject
Project("{FAE04EC0-301F-11D3-BF4B-00C04F79EFBC}") = "03.SquareOfStars", "03.SquareOfStars\03.SquareOfStars.csproj", "{19C5B4AF-99B2-47D3-BC80-95DB614F5472}"
EndProject
Project("{FAE04EC0-301F-11D3-BF4B-00C04F79EFBC}") = "04.TriangleOfDollars", "04.TriangleOfDollars\04.TriangleOfDollars.csproj", "{AA34ECDF-0E29-45C6-9B28-107AC1895476}"
EndProject
Project("{FAE04EC0-301F-11D3-BF4B-00C04F79EFBC}") = "05.SquareFrame", "05.SquareFrame\05.SquareFrame.csproj", "{9742211B-7296-444B-8075-8E10483166D9}"
EndProject
Project("{FAE04EC0-301F-11D3-BF4B-00C04F79EFBC}") = "06.RhombusOfStars", "06.RhombusOfStars\06.RhombusOfStars.csproj", "{A1DEFD76-17A6-48F2-8CAA-72DD15C6338C}"
EndProject
Project("{FAE04EC0-301F-11D3-BF4B-00C04F79EFBC}") = "07.ChristmassTree", "07.ChristmassTree\07.ChristmassTree.csproj", "{95745DBF-136D-4F3E-B42D-EC8527B0C12A}"
EndProject
Project("{FAE04EC0-301F-11D3-BF4B-00C04F79EFBC}") = "08.Sunglasses", "08.Sunglasses\08.Sunglasses.csproj", "{E8AB896D-8BF9-4675-AB2F-1DD7FA53790B}"
EndProject
Project("{FAE04EC0-301F-11D3-BF4B-00C04F79EFBC}") = "09.House", "09.House\09.House.csproj", "{779F9B0E-E396-4190-9734-49F7194C8A91}"
EndProject
Project("{FAE04EC0-301F-11D3-BF4B-00C04F79EFBC}") = "10.Diamond", "10.Diamond\10.Diamond.csproj", "{C0CC3F4B-CCDF-4E92-9F57-01A0B12CD619}"
EndProject
Project("{FAE04EC0-301F-11D3-BF4B-00C04F79EFBC}") = "11.WebApp-Ratings", "11.WebApp-Ratings\11.WebApp-Ratings.csproj", "{EA679352-90C6-4C87-AF32-5C6F0BD3DEF9}"
EndProject
Project("{FAE04EC0-301F-11D3-BF4B-00C04F79EFBC}") = "12.DrawFort", "12.DrawFort\12.DrawFort.csproj", "{8B8E213B-AE53-4C30-9637-A340DCBDB6BA}"
EndProject
Project("{FAE04EC0-301F-11D3-BF4B-00C04F79EFBC}") = "13.Butterfly", "13.Butterfly\13.Butterfly.csproj", "{AC4E3D3F-2EC4-42F7-951F-EE5E61C995A1}"
EndProject
Project("{FAE04EC0-301F-11D3-BF4B-00C04F79EFBC}") = "14.Stop", "14.Stop\14.Stop.csproj", "{32C3D188-126B-407E-AA53-5AB03BD8F3FB}"
EndProject
Project("{FAE04EC0-301F-11D3-BF4B-00C04F79EFBC}") = "15.Arrow", "15.Arrow\15.Arrow.csproj", "{A590CE1A-5ED8-4D84-A9DD-AB7F26475B7C}"
EndProject
Project("{FAE04EC0-301F-11D3-BF4B-00C04F79EFBC}") = "16.Axe", "16.Axe\16.Axe.csproj", "{E620214B-8C4B-4B94-840D-87913E3EB354}"
EndProject
Project("{FAE04EC0-301F-11D3-BF4B-00C04F79EFBC}") = "17.Sheriff", "17.Sheriff\17.Sheriff.csproj", "{4B26030C-B16A-4DB7-A6BB-0E6F885404FF}"
EndProject
Project("{FAE04EC0-301F-11D3-BF4B-00C04F79EFBC}") = "18.Snowflake", "18.Snowflake\18.Snowflake.csproj", "{9EB6CE89-ACDA-412F-9CFD-18247C26B11C}"
EndProject
Project("{FAE04EC0-301F-11D3-BF4B-00C04F79EFBC}") = "19.Cup", "19.Cup\19.Cup.csproj", "{95DBB873-BEF5-47D8-A238-E508E7E61480}"
EndProject
Project("{FAE04EC0-301F-11D3-BF4B-00C04F79EFBC}") = "20.Triangle", "20.Triangle\20.Triangle.csproj", "{D3A5EBE0-A133-49F6-B6BE-510097A5A5AC}"
EndProject
Project("{FAE04EC0-301F-11D3-BF4B-00C04F79EFBC}") = "21.Crown", "21.Crown\21.Crown.csproj", "{47BCD5CA-ACA0-4108-8662-621B950ABD5C}"
EndProject
Global
	GlobalSection(SolutionConfigurationPlatforms) = preSolution
		Debug|Any CPU = Debug|Any CPU
		Release|Any CPU = Release|Any CPU
	EndGlobalSection
	GlobalSection(ProjectConfigurationPlatforms) = postSolution
		{2D1CEBF3-73A2-4B46-A4DD-7DF0C44C39F8}.Debug|Any CPU.ActiveCfg = Debug|Any CPU
		{2D1CEBF3-73A2-4B46-A4DD-7DF0C44C39F8}.Debug|Any CPU.Build.0 = Debug|Any CPU
		{2D1CEBF3-73A2-4B46-A4DD-7DF0C44C39F8}.Release|Any CPU.ActiveCfg = Release|Any CPU
		{2D1CEBF3-73A2-4B46-A4DD-7DF0C44C39F8}.Release|Any CPU.Build.0 = Release|Any CPU
		{D77242BB-8420-4DA4-9464-C24916FD4A41}.Debug|Any CPU.ActiveCfg = Debug|Any CPU
		{D77242BB-8420-4DA4-9464-C24916FD4A41}.Debug|Any CPU.Build.0 = Debug|Any CPU
		{D77242BB-8420-4DA4-9464-C24916FD4A41}.Release|Any CPU.ActiveCfg = Release|Any CPU
		{D77242BB-8420-4DA4-9464-C24916FD4A41}.Release|Any CPU.Build.0 = Release|Any CPU
		{19C5B4AF-99B2-47D3-BC80-95DB614F5472}.Debug|Any CPU.ActiveCfg = Debug|Any CPU
		{19C5B4AF-99B2-47D3-BC80-95DB614F5472}.Debug|Any CPU.Build.0 = Debug|Any CPU
		{19C5B4AF-99B2-47D3-BC80-95DB614F5472}.Release|Any CPU.ActiveCfg = Release|Any CPU
		{19C5B4AF-99B2-47D3-BC80-95DB614F5472}.Release|Any CPU.Build.0 = Release|Any CPU
		{AA34ECDF-0E29-45C6-9B28-107AC1895476}.Debug|Any CPU.ActiveCfg = Debug|Any CPU
		{AA34ECDF-0E29-45C6-9B28-107AC1895476}.Debug|Any CPU.Build.0 = Debug|Any CPU
		{AA34ECDF-0E29-45C6-9B28-107AC1895476}.Release|Any CPU.ActiveCfg = Release|Any CPU
		{AA34ECDF-0E29-45C6-9B28-107AC1895476}.Release|Any CPU.Build.0 = Release|Any CPU
		{9742211B-7296-444B-8075-8E10483166D9}.Debug|Any CPU.ActiveCfg = Debug|Any CPU
		{9742211B-7296-444B-8075-8E10483166D9}.Debug|Any CPU.Build.0 = Debug|Any CPU
		{9742211B-7296-444B-8075-8E10483166D9}.Release|Any CPU.ActiveCfg = Release|Any CPU
		{9742211B-7296-444B-8075-8E10483166D9}.Release|Any CPU.Build.0 = Release|Any CPU
		{A1DEFD76-17A6-48F2-8CAA-72DD15C6338C}.Debug|Any CPU.ActiveCfg = Debug|Any CPU
		{A1DEFD76-17A6-48F2-8CAA-72DD15C6338C}.Debug|Any CPU.Build.0 = Debug|Any CPU
		{A1DEFD76-17A6-48F2-8CAA-72DD15C6338C}.Release|Any CPU.ActiveCfg = Release|Any CPU
		{A1DEFD76-17A6-48F2-8CAA-72DD15C6338C}.Release|Any CPU.Build.0 = Release|Any CPU
		{95745DBF-136D-4F3E-B42D-EC8527B0C12A}.Debug|Any CPU.ActiveCfg = Debug|Any CPU
		{95745DBF-136D-4F3E-B42D-EC8527B0C12A}.Debug|Any CPU.Build.0 = Debug|Any CPU
		{95745DBF-136D-4F3E-B42D-EC8527B0C12A}.Release|Any CPU.ActiveCfg = Release|Any CPU
		{95745DBF-136D-4F3E-B42D-EC8527B0C12A}.Release|Any CPU.Build.0 = Release|Any CPU
		{E8AB896D-8BF9-4675-AB2F-1DD7FA53790B}.Debug|Any CPU.ActiveCfg = Debug|Any CPU
		{E8AB896D-8BF9-4675-AB2F-1DD7FA53790B}.Debug|Any CPU.Build.0 = Debug|Any CPU
		{E8AB896D-8BF9-4675-AB2F-1DD7FA53790B}.Release|Any CPU.ActiveCfg = Release|Any CPU
		{E8AB896D-8BF9-4675-AB2F-1DD7FA53790B}.Release|Any CPU.Build.0 = Release|Any CPU
		{779F9B0E-E396-4190-9734-49F7194C8A91}.Debug|Any CPU.ActiveCfg = Debug|Any CPU
		{779F9B0E-E396-4190-9734-49F7194C8A91}.Debug|Any CPU.Build.0 = Debug|Any CPU
		{779F9B0E-E396-4190-9734-49F7194C8A91}.Release|Any CPU.ActiveCfg = Release|Any CPU
		{779F9B0E-E396-4190-9734-49F7194C8A91}.Release|Any CPU.Build.0 = Release|Any CPU
		{C0CC3F4B-CCDF-4E92-9F57-01A0B12CD619}.Debug|Any CPU.ActiveCfg = Debug|Any CPU
		{C0CC3F4B-CCDF-4E92-9F57-01A0B12CD619}.Debug|Any CPU.Build.0 = Debug|Any CPU
		{C0CC3F4B-CCDF-4E92-9F57-01A0B12CD619}.Release|Any CPU.ActiveCfg = Release|Any CPU
		{C0CC3F4B-CCDF-4E92-9F57-01A0B12CD619}.Release|Any CPU.Build.0 = Release|Any CPU
		{EA679352-90C6-4C87-AF32-5C6F0BD3DEF9}.Debug|Any CPU.ActiveCfg = Debug|Any CPU
		{EA679352-90C6-4C87-AF32-5C6F0BD3DEF9}.Debug|Any CPU.Build.0 = Debug|Any CPU
		{EA679352-90C6-4C87-AF32-5C6F0BD3DEF9}.Release|Any CPU.ActiveCfg = Release|Any CPU
		{EA679352-90C6-4C87-AF32-5C6F0BD3DEF9}.Release|Any CPU.Build.0 = Release|Any CPU
		{8B8E213B-AE53-4C30-9637-A340DCBDB6BA}.Debug|Any CPU.ActiveCfg = Debug|Any CPU
		{8B8E213B-AE53-4C30-9637-A340DCBDB6BA}.Debug|Any CPU.Build.0 = Debug|Any CPU
		{8B8E213B-AE53-4C30-9637-A340DCBDB6BA}.Release|Any CPU.ActiveCfg = Release|Any CPU
		{8B8E213B-AE53-4C30-9637-A340DCBDB6BA}.Release|Any CPU.Build.0 = Release|Any CPU
		{AC4E3D3F-2EC4-42F7-951F-EE5E61C995A1}.Debug|Any CPU.ActiveCfg = Debug|Any CPU
		{AC4E3D3F-2EC4-42F7-951F-EE5E61C995A1}.Debug|Any CPU.Build.0 = Debug|Any CPU
		{AC4E3D3F-2EC4-42F7-951F-EE5E61C995A1}.Release|Any CPU.ActiveCfg = Release|Any CPU
		{AC4E3D3F-2EC4-42F7-951F-EE5E61C995A1}.Release|Any CPU.Build.0 = Release|Any CPU
		{32C3D188-126B-407E-AA53-5AB03BD8F3FB}.Debug|Any CPU.ActiveCfg = Debug|Any CPU
		{32C3D188-126B-407E-AA53-5AB03BD8F3FB}.Debug|Any CPU.Build.0 = Debug|Any CPU
		{32C3D188-126B-407E-AA53-5AB03BD8F3FB}.Release|Any CPU.ActiveCfg = Release|Any CPU
		{32C3D188-126B-407E-AA53-5AB03BD8F3FB}.Release|Any CPU.Build.0 = Release|Any CPU
		{A590CE1A-5ED8-4D84-A9DD-AB7F26475B7C}.Debug|Any CPU.ActiveCfg = Debug|Any CPU
		{A590CE1A-5ED8-4D84-A9DD-AB7F26475B7C}.Debug|Any CPU.Build.0 = Debug|Any CPU
		{A590CE1A-5ED8-4D84-A9DD-AB7F26475B7C}.Release|Any CPU.ActiveCfg = Release|Any CPU
		{A590CE1A-5ED8-4D84-A9DD-AB7F26475B7C}.Release|Any CPU.Build.0 = Release|Any CPU
		{E620214B-8C4B-4B94-840D-87913E3EB354}.Debug|Any CPU.ActiveCfg = Debug|Any CPU
		{E620214B-8C4B-4B94-840D-87913E3EB354}.Debug|Any CPU.Build.0 = Debug|Any CPU
		{E620214B-8C4B-4B94-840D-87913E3EB354}.Release|Any CPU.ActiveCfg = Release|Any CPU
		{E620214B-8C4B-4B94-840D-87913E3EB354}.Release|Any CPU.Build.0 = Release|Any CPU
		{4B26030C-B16A-4DB7-A6BB-0E6F885404FF}.Debug|Any CPU.ActiveCfg = Debug|Any CPU
		{4B26030C-B16A-4DB7-A6BB-0E6F885404FF}.Debug|Any CPU.Build.0 = Debug|Any CPU
		{4B26030C-B16A-4DB7-A6BB-0E6F885404FF}.Release|Any CPU.ActiveCfg = Release|Any CPU
		{4B26030C-B16A-4DB7-A6BB-0E6F885404FF}.Release|Any CPU.Build.0 = Release|Any CPU
		{9EB6CE89-ACDA-412F-9CFD-18247C26B11C}.Debug|Any CPU.ActiveCfg = Debug|Any CPU
		{9EB6CE89-ACDA-412F-9CFD-18247C26B11C}.Debug|Any CPU.Build.0 = Debug|Any CPU
		{9EB6CE89-ACDA-412F-9CFD-18247C26B11C}.Release|Any CPU.ActiveCfg = Release|Any CPU
		{9EB6CE89-ACDA-412F-9CFD-18247C26B11C}.Release|Any CPU.Build.0 = Release|Any CPU
		{95DBB873-BEF5-47D8-A238-E508E7E61480}.Debug|Any CPU.ActiveCfg = Debug|Any CPU
		{95DBB873-BEF5-47D8-A238-E508E7E61480}.Debug|Any CPU.Build.0 = Debug|Any CPU
		{95DBB873-BEF5-47D8-A238-E508E7E61480}.Release|Any CPU.ActiveCfg = Release|Any CPU
		{95DBB873-BEF5-47D8-A238-E508E7E61480}.Release|Any CPU.Build.0 = Release|Any CPU
		{D3A5EBE0-A133-49F6-B6BE-510097A5A5AC}.Debug|Any CPU.ActiveCfg = Debug|Any CPU
		{D3A5EBE0-A133-49F6-B6BE-510097A5A5AC}.Debug|Any CPU.Build.0 = Debug|Any CPU
		{D3A5EBE0-A133-49F6-B6BE-510097A5A5AC}.Release|Any CPU.ActiveCfg = Release|Any CPU
		{D3A5EBE0-A133-49F6-B6BE-510097A5A5AC}.Release|Any CPU.Build.0 = Release|Any CPU
		{47BCD5CA-ACA0-4108-8662-621B950ABD5C}.Debug|Any CPU.ActiveCfg = Debug|Any CPU
		{47BCD5CA-ACA0-4108-8662-621B950ABD5C}.Debug|Any CPU.Build.0 = Debug|Any CPU
		{47BCD5CA-ACA0-4108-8662-621B950ABD5C}.Release|Any CPU.ActiveCfg = Release|Any CPU
		{47BCD5CA-ACA0-4108-8662-621B950ABD5C}.Release|Any CPU.Build.0 = Release|Any CPU
	EndGlobalSection
	GlobalSection(SolutionProperties) = preSolution
		HideSolutionNode = FALSE
	EndGlobalSection
	GlobalSection(ExtensibilityGlobals) = postSolution
		SolutionGuid = {EB2C205A-A814-402F-ABFF-2402DC697255}
	EndGlobalSection
EndGlobal
