
Microsoft Visual Studio Solution File, Format Version 12.00
# Visual Studio 15
VisualStudioVersion = 15.0.26730.12
MinimumVisualStudioVersion = 10.0.40219.1
Project("{FAE04EC0-301F-11D3-BF4B-00C04F79EFBC}") = "1.HelloSoftUni", "1.HelloSoftUni\1.HelloSoftUni.csproj", "{F7DF5A52-8144-4670-BD2C-11696C8E312D}"
EndProject
Project("{FAE04EC0-301F-11D3-BF4B-00C04F79EFBC}") = "2.Expression", "2.Expression\2.Expression.csproj", "{3A9F8D03-A320-4B6E-A0B7-B76C753DEB3D}"
EndProject
Project("{FAE04EC0-301F-11D3-BF4B-00C04F79EFBC}") = "3.Nums1To20", "3.Nums1To20\3.Nums1To20.csproj", "{8E554333-8CE0-4996-8946-5F69748276B7}"
EndProject
Project("{FAE04EC0-301F-11D3-BF4B-00C04F79EFBC}") = "4.TriangleOf55Stars", "4.TriangleOf55Stars\4.TriangleOf55Stars.csproj", "{7B1B5897-26D1-420D-8FBB-93E3F650293C}"
EndProject
Project("{FAE04EC0-301F-11D3-BF4B-00C04F79EFBC}") = "5.AreaOfRectangle", "5.AreaOfRectangle\5.AreaOfRectangle.csproj", "{2276A85D-D5DE-445B-BC1C-766666C120BF}"
EndProject
Project("{FAE04EC0-301F-11D3-BF4B-00C04F79EFBC}") = "6.SquareOfStars", "6.SquareOfStars\6.SquareOfStars.csproj", "{9E653DE6-08A5-4EE0-9AED-C5F631A687F7}"
EndProject
Global
	GlobalSection(SolutionConfigurationPlatforms) = preSolution
		Debug|Any CPU = Debug|Any CPU
		Release|Any CPU = Release|Any CPU
	EndGlobalSection
	GlobalSection(ProjectConfigurationPlatforms) = postSolution
		{F7DF5A52-8144-4670-BD2C-11696C8E312D}.Debug|Any CPU.ActiveCfg = Debug|Any CPU
		{F7DF5A52-8144-4670-BD2C-11696C8E312D}.Debug|Any CPU.Build.0 = Debug|Any CPU
		{F7DF5A52-8144-4670-BD2C-11696C8E312D}.Release|Any CPU.ActiveCfg = Release|Any CPU
		{F7DF5A52-8144-4670-BD2C-11696C8E312D}.Release|Any CPU.Build.0 = Release|Any CPU
		{3A9F8D03-A320-4B6E-A0B7-B76C753DEB3D}.Debug|Any CPU.ActiveCfg = Debug|Any CPU
		{3A9F8D03-A320-4B6E-A0B7-B76C753DEB3D}.Debug|Any CPU.Build.0 = Debug|Any CPU
		{3A9F8D03-A320-4B6E-A0B7-B76C753DEB3D}.Release|Any CPU.ActiveCfg = Release|Any CPU
		{3A9F8D03-A320-4B6E-A0B7-B76C753DEB3D}.Release|Any CPU.Build.0 = Release|Any CPU
		{8E554333-8CE0-4996-8946-5F69748276B7}.Debug|Any CPU.ActiveCfg = Debug|Any CPU
		{8E554333-8CE0-4996-8946-5F69748276B7}.Debug|Any CPU.Build.0 = Debug|Any CPU
		{8E554333-8CE0-4996-8946-5F69748276B7}.Release|Any CPU.ActiveCfg = Release|Any CPU
		{8E554333-8CE0-4996-8946-5F69748276B7}.Release|Any CPU.Build.0 = Release|Any CPU
		{7B1B5897-26D1-420D-8FBB-93E3F650293C}.Debug|Any CPU.ActiveCfg = Debug|Any CPU
		{7B1B5897-26D1-420D-8FBB-93E3F650293C}.Debug|Any CPU.Build.0 = Debug|Any CPU
		{7B1B5897-26D1-420D-8FBB-93E3F650293C}.Release|Any CPU.ActiveCfg = Release|Any CPU
		{7B1B5897-26D1-420D-8FBB-93E3F650293C}.Release|Any CPU.Build.0 = Release|Any CPU
		{2276A85D-D5DE-445B-BC1C-766666C120BF}.Debug|Any CPU.ActiveCfg = Debug|Any CPU
		{2276A85D-D5DE-445B-BC1C-766666C120BF}.Debug|Any CPU.Build.0 = Debug|Any CPU
		{2276A85D-D5DE-445B-BC1C-766666C120BF}.Release|Any CPU.ActiveCfg = Release|Any CPU
		{2276A85D-D5DE-445B-BC1C-766666C120BF}.Release|Any CPU.Build.0 = Release|Any CPU
		{9E653DE6-08A5-4EE0-9AED-C5F631A687F7}.Debug|Any CPU.ActiveCfg = Debug|Any CPU
		{9E653DE6-08A5-4EE0-9AED-C5F631A687F7}.Debug|Any CPU.Build.0 = Debug|Any CPU
		{9E653DE6-08A5-4EE0-9AED-C5F631A687F7}.Release|Any CPU.ActiveCfg = Release|Any CPU
		{9E653DE6-08A5-4EE0-9AED-C5F631A687F7}.Release|Any CPU.Build.0 = Release|Any CPU
	EndGlobalSection
	GlobalSection(SolutionProperties) = preSolution
		HideSolutionNode = FALSE
	EndGlobalSection
	GlobalSection(ExtensibilityGlobals) = postSolution
		SolutionGuid = {DE4B9BBE-7BBE-4BEC-8525-F7C00E7C5FF1}
	EndGlobalSection
EndGlobal
