
Microsoft Visual Studio Solution File, Format Version 12.00
# Visual Studio 15
VisualStudioVersion = 15.0.26730.16
MinimumVisualStudioVersion = 10.0.40219.1
Project("{FAE04EC0-301F-11D3-BF4B-00C04F79EFBC}") = "01.Numbers1To100", "01.Numbers1To100\01.Numbers1To100.csproj", "{666C4C6B-ABF6-4F36-9274-398DD6C21C20}"
EndProject
Project("{FAE04EC0-301F-11D3-BF4B-00C04F79EFBC}") = "02.NumbersEndingIn7", "02.NumbersEndingIn7\02.NumbersEndingIn7.csproj", "{A6A1CF4D-B877-4EB1-924B-73B599A03E37}"
EndProject
Project("{FAE04EC0-301F-11D3-BF4B-00C04F79EFBC}") = "03.LatinLetters", "03.LatinLetters\03.LatinLetters.csproj", "{8792CBF0-BA54-4878-98B8-D7EA94D16A60}"
EndProject
Project("{FAE04EC0-301F-11D3-BF4B-00C04F79EFBC}") = "04.SumNumbers", "04.SumNumbers\04.SumNumbers.csproj", "{031B9814-855E-4AC5-AC6B-F25DD1EE57A8}"
EndProject
Project("{FAE04EC0-301F-11D3-BF4B-00C04F79EFBC}") = "05.MaxNumber", "05.MaxNumber\05.MaxNumber.csproj", "{7E90958A-E347-4C0C-ABDB-F57FD1073536}"
EndProject
Project("{FAE04EC0-301F-11D3-BF4B-00C04F79EFBC}") = "06.MinNumber", "06.MinNumber\06.MinNumber.csproj", "{98566FE1-2D69-4C8B-A06E-0F4C01B38D0A}"
EndProject
Project("{FAE04EC0-301F-11D3-BF4B-00C04F79EFBC}") = "07.LeftAndRightSum", "07.LeftAndRightSum\07.LeftAndRightSum.csproj", "{8221B35B-A8AD-473A-AE51-79B6A98881F6}"
EndProject
Project("{FAE04EC0-301F-11D3-BF4B-00C04F79EFBC}") = "08.OddEvenSum", "08.OddEvenSum\08.OddEvenSum.csproj", "{286B8AFD-6747-4A18-A281-7E9910C90DCA}"
EndProject
Project("{FAE04EC0-301F-11D3-BF4B-00C04F79EFBC}") = "09.VowelsSum", "09.VowelsSum\09.VowelsSum.csproj", "{BA87E037-4013-4D33-B77F-F8E078BE7123}"
EndProject
Project("{FAE04EC0-301F-11D3-BF4B-00C04F79EFBC}") = "10.HalfSumElement", "10.HalfSumElement\10.HalfSumElement.csproj", "{EC193F15-BA57-436F-94AD-10EE3F5CA705}"
EndProject
Project("{FAE04EC0-301F-11D3-BF4B-00C04F79EFBC}") = "11.OddEvenPosition", "11.OddEvenPosition\11.OddEvenPosition.csproj", "{AC5F01A0-4B12-4E1E-B00D-69D37A998F88}"
EndProject
Project("{FAE04EC0-301F-11D3-BF4B-00C04F79EFBC}") = "12.EqualPairs", "12.EqualPairs\12.EqualPairs.csproj", "{5F4B7036-E547-4416-A905-D321334CECA1}"
EndProject
Project("{FAE04EC0-301F-11D3-BF4B-00C04F79EFBC}") = "13.TurtleGraphics", "13.TurtleGraphics\13.TurtleGraphics.csproj", "{1D7C1DDC-D31B-418B-919F-37CC70153105}"
EndProject
Project("{FAE04EC0-301F-11D3-BF4B-00C04F79EFBC}") = "14.Histogram", "14.Histogram\14.Histogram.csproj", "{48F69676-E17F-4900-A890-2D5304743370}"
EndProject
Project("{FAE04EC0-301F-11D3-BF4B-00C04F79EFBC}") = "15.SmartLilly", "15.SmartLilly\15.SmartLilly.csproj", "{8A1D1113-8370-4E30-B5E9-38E6910F5AC9}"
EndProject
Project("{FAE04EC0-301F-11D3-BF4B-00C04F79EFBC}") = "16.BackToThePast", "16.BackToThePast\16.BackToThePast.csproj", "{0EC351B0-0235-4BB9-B8D4-D58F8CCAA10C}"
EndProject
Project("{FAE04EC0-301F-11D3-BF4B-00C04F79EFBC}") = "17.Hospital", "17.Hospital\17.Hospital.csproj", "{10BCA89E-30C5-420A-B1C6-559639FE2BF5}"
EndProject
Project("{FAE04EC0-301F-11D3-BF4B-00C04F79EFBC}") = "18.Division", "18.Division\18.Division.csproj", "{D16EEE08-BF3F-4C99-8AD5-ECBB7DC4A75A}"
EndProject
Project("{FAE04EC0-301F-11D3-BF4B-00C04F79EFBC}") = "19.Logistics", "19.Logistics\19.Logistics.csproj", "{9C8D2DF0-A6DE-4739-AE75-96D7A28DB473}"
EndProject
Project("{FAE04EC0-301F-11D3-BF4B-00C04F79EFBC}") = "20.GrandpaStavri", "20.GrandpaStavri\20.GrandpaStavri.csproj", "{8F0AB47B-323B-4487-8FBA-3B20B6428473}"
EndProject
Project("{FAE04EC0-301F-11D3-BF4B-00C04F79EFBC}") = "21.Cake", "21.Cake\21.Cake.csproj", "{4CE4A765-540B-4A5D-AB7A-22975429A9EC}"
EndProject
Project("{FAE04EC0-301F-11D3-BF4B-00C04F79EFBC}") = "22.EnergyLoss", "22.EnergyLoss\22.EnergyLoss.csproj", "{3C62FB76-7E46-47C7-BA06-265063924ACC}"
EndProject
Project("{FAE04EC0-301F-11D3-BF4B-00C04F79EFBC}") = "23.MoneyPrize", "23.MoneyPrize\23.MoneyPrize.csproj", "{2A34DB09-EB62-4A5E-B62E-312FE557592B}"
EndProject
Project("{FAE04EC0-301F-11D3-BF4B-00C04F79EFBC}") = "24.FootballLeague", "24.FootballLeague\24.FootballLeague.csproj", "{A28C8184-DA09-468D-8130-E4098E2A19A6}"
EndProject
Global
	GlobalSection(SolutionConfigurationPlatforms) = preSolution
		Debug|Any CPU = Debug|Any CPU
		Release|Any CPU = Release|Any CPU
	EndGlobalSection
	GlobalSection(ProjectConfigurationPlatforms) = postSolution
		{666C4C6B-ABF6-4F36-9274-398DD6C21C20}.Debug|Any CPU.ActiveCfg = Debug|Any CPU
		{666C4C6B-ABF6-4F36-9274-398DD6C21C20}.Debug|Any CPU.Build.0 = Debug|Any CPU
		{666C4C6B-ABF6-4F36-9274-398DD6C21C20}.Release|Any CPU.ActiveCfg = Release|Any CPU
		{666C4C6B-ABF6-4F36-9274-398DD6C21C20}.Release|Any CPU.Build.0 = Release|Any CPU
		{A6A1CF4D-B877-4EB1-924B-73B599A03E37}.Debug|Any CPU.ActiveCfg = Debug|Any CPU
		{A6A1CF4D-B877-4EB1-924B-73B599A03E37}.Debug|Any CPU.Build.0 = Debug|Any CPU
		{A6A1CF4D-B877-4EB1-924B-73B599A03E37}.Release|Any CPU.ActiveCfg = Release|Any CPU
		{A6A1CF4D-B877-4EB1-924B-73B599A03E37}.Release|Any CPU.Build.0 = Release|Any CPU
		{8792CBF0-BA54-4878-98B8-D7EA94D16A60}.Debug|Any CPU.ActiveCfg = Debug|Any CPU
		{8792CBF0-BA54-4878-98B8-D7EA94D16A60}.Debug|Any CPU.Build.0 = Debug|Any CPU
		{8792CBF0-BA54-4878-98B8-D7EA94D16A60}.Release|Any CPU.ActiveCfg = Release|Any CPU
		{8792CBF0-BA54-4878-98B8-D7EA94D16A60}.Release|Any CPU.Build.0 = Release|Any CPU
		{031B9814-855E-4AC5-AC6B-F25DD1EE57A8}.Debug|Any CPU.ActiveCfg = Debug|Any CPU
		{031B9814-855E-4AC5-AC6B-F25DD1EE57A8}.Debug|Any CPU.Build.0 = Debug|Any CPU
		{031B9814-855E-4AC5-AC6B-F25DD1EE57A8}.Release|Any CPU.ActiveCfg = Release|Any CPU
		{031B9814-855E-4AC5-AC6B-F25DD1EE57A8}.Release|Any CPU.Build.0 = Release|Any CPU
		{7E90958A-E347-4C0C-ABDB-F57FD1073536}.Debug|Any CPU.ActiveCfg = Debug|Any CPU
		{7E90958A-E347-4C0C-ABDB-F57FD1073536}.Debug|Any CPU.Build.0 = Debug|Any CPU
		{7E90958A-E347-4C0C-ABDB-F57FD1073536}.Release|Any CPU.ActiveCfg = Release|Any CPU
		{7E90958A-E347-4C0C-ABDB-F57FD1073536}.Release|Any CPU.Build.0 = Release|Any CPU
		{98566FE1-2D69-4C8B-A06E-0F4C01B38D0A}.Debug|Any CPU.ActiveCfg = Debug|Any CPU
		{98566FE1-2D69-4C8B-A06E-0F4C01B38D0A}.Debug|Any CPU.Build.0 = Debug|Any CPU
		{98566FE1-2D69-4C8B-A06E-0F4C01B38D0A}.Release|Any CPU.ActiveCfg = Release|Any CPU
		{98566FE1-2D69-4C8B-A06E-0F4C01B38D0A}.Release|Any CPU.Build.0 = Release|Any CPU
		{8221B35B-A8AD-473A-AE51-79B6A98881F6}.Debug|Any CPU.ActiveCfg = Debug|Any CPU
		{8221B35B-A8AD-473A-AE51-79B6A98881F6}.Debug|Any CPU.Build.0 = Debug|Any CPU
		{8221B35B-A8AD-473A-AE51-79B6A98881F6}.Release|Any CPU.ActiveCfg = Release|Any CPU
		{8221B35B-A8AD-473A-AE51-79B6A98881F6}.Release|Any CPU.Build.0 = Release|Any CPU
		{286B8AFD-6747-4A18-A281-7E9910C90DCA}.Debug|Any CPU.ActiveCfg = Debug|Any CPU
		{286B8AFD-6747-4A18-A281-7E9910C90DCA}.Debug|Any CPU.Build.0 = Debug|Any CPU
		{286B8AFD-6747-4A18-A281-7E9910C90DCA}.Release|Any CPU.ActiveCfg = Release|Any CPU
		{286B8AFD-6747-4A18-A281-7E9910C90DCA}.Release|Any CPU.Build.0 = Release|Any CPU
		{BA87E037-4013-4D33-B77F-F8E078BE7123}.Debug|Any CPU.ActiveCfg = Debug|Any CPU
		{BA87E037-4013-4D33-B77F-F8E078BE7123}.Debug|Any CPU.Build.0 = Debug|Any CPU
		{BA87E037-4013-4D33-B77F-F8E078BE7123}.Release|Any CPU.ActiveCfg = Release|Any CPU
		{BA87E037-4013-4D33-B77F-F8E078BE7123}.Release|Any CPU.Build.0 = Release|Any CPU
		{EC193F15-BA57-436F-94AD-10EE3F5CA705}.Debug|Any CPU.ActiveCfg = Debug|Any CPU
		{EC193F15-BA57-436F-94AD-10EE3F5CA705}.Debug|Any CPU.Build.0 = Debug|Any CPU
		{EC193F15-BA57-436F-94AD-10EE3F5CA705}.Release|Any CPU.ActiveCfg = Release|Any CPU
		{EC193F15-BA57-436F-94AD-10EE3F5CA705}.Release|Any CPU.Build.0 = Release|Any CPU
		{AC5F01A0-4B12-4E1E-B00D-69D37A998F88}.Debug|Any CPU.ActiveCfg = Debug|Any CPU
		{AC5F01A0-4B12-4E1E-B00D-69D37A998F88}.Debug|Any CPU.Build.0 = Debug|Any CPU
		{AC5F01A0-4B12-4E1E-B00D-69D37A998F88}.Release|Any CPU.ActiveCfg = Release|Any CPU
		{AC5F01A0-4B12-4E1E-B00D-69D37A998F88}.Release|Any CPU.Build.0 = Release|Any CPU
		{5F4B7036-E547-4416-A905-D321334CECA1}.Debug|Any CPU.ActiveCfg = Debug|Any CPU
		{5F4B7036-E547-4416-A905-D321334CECA1}.Debug|Any CPU.Build.0 = Debug|Any CPU
		{5F4B7036-E547-4416-A905-D321334CECA1}.Release|Any CPU.ActiveCfg = Release|Any CPU
		{5F4B7036-E547-4416-A905-D321334CECA1}.Release|Any CPU.Build.0 = Release|Any CPU
		{1D7C1DDC-D31B-418B-919F-37CC70153105}.Debug|Any CPU.ActiveCfg = Debug|Any CPU
		{1D7C1DDC-D31B-418B-919F-37CC70153105}.Debug|Any CPU.Build.0 = Debug|Any CPU
		{1D7C1DDC-D31B-418B-919F-37CC70153105}.Release|Any CPU.ActiveCfg = Release|Any CPU
		{1D7C1DDC-D31B-418B-919F-37CC70153105}.Release|Any CPU.Build.0 = Release|Any CPU
		{48F69676-E17F-4900-A890-2D5304743370}.Debug|Any CPU.ActiveCfg = Debug|Any CPU
		{48F69676-E17F-4900-A890-2D5304743370}.Debug|Any CPU.Build.0 = Debug|Any CPU
		{48F69676-E17F-4900-A890-2D5304743370}.Release|Any CPU.ActiveCfg = Release|Any CPU
		{48F69676-E17F-4900-A890-2D5304743370}.Release|Any CPU.Build.0 = Release|Any CPU
		{8A1D1113-8370-4E30-B5E9-38E6910F5AC9}.Debug|Any CPU.ActiveCfg = Debug|Any CPU
		{8A1D1113-8370-4E30-B5E9-38E6910F5AC9}.Debug|Any CPU.Build.0 = Debug|Any CPU
		{8A1D1113-8370-4E30-B5E9-38E6910F5AC9}.Release|Any CPU.ActiveCfg = Release|Any CPU
		{8A1D1113-8370-4E30-B5E9-38E6910F5AC9}.Release|Any CPU.Build.0 = Release|Any CPU
		{0EC351B0-0235-4BB9-B8D4-D58F8CCAA10C}.Debug|Any CPU.ActiveCfg = Debug|Any CPU
		{0EC351B0-0235-4BB9-B8D4-D58F8CCAA10C}.Debug|Any CPU.Build.0 = Debug|Any CPU
		{0EC351B0-0235-4BB9-B8D4-D58F8CCAA10C}.Release|Any CPU.ActiveCfg = Release|Any CPU
		{0EC351B0-0235-4BB9-B8D4-D58F8CCAA10C}.Release|Any CPU.Build.0 = Release|Any CPU
		{10BCA89E-30C5-420A-B1C6-559639FE2BF5}.Debug|Any CPU.ActiveCfg = Debug|Any CPU
		{10BCA89E-30C5-420A-B1C6-559639FE2BF5}.Debug|Any CPU.Build.0 = Debug|Any CPU
		{10BCA89E-30C5-420A-B1C6-559639FE2BF5}.Release|Any CPU.ActiveCfg = Release|Any CPU
		{10BCA89E-30C5-420A-B1C6-559639FE2BF5}.Release|Any CPU.Build.0 = Release|Any CPU
		{D16EEE08-BF3F-4C99-8AD5-ECBB7DC4A75A}.Debug|Any CPU.ActiveCfg = Debug|Any CPU
		{D16EEE08-BF3F-4C99-8AD5-ECBB7DC4A75A}.Debug|Any CPU.Build.0 = Debug|Any CPU
		{D16EEE08-BF3F-4C99-8AD5-ECBB7DC4A75A}.Release|Any CPU.ActiveCfg = Release|Any CPU
		{D16EEE08-BF3F-4C99-8AD5-ECBB7DC4A75A}.Release|Any CPU.Build.0 = Release|Any CPU
		{9C8D2DF0-A6DE-4739-AE75-96D7A28DB473}.Debug|Any CPU.ActiveCfg = Debug|Any CPU
		{9C8D2DF0-A6DE-4739-AE75-96D7A28DB473}.Debug|Any CPU.Build.0 = Debug|Any CPU
		{9C8D2DF0-A6DE-4739-AE75-96D7A28DB473}.Release|Any CPU.ActiveCfg = Release|Any CPU
		{9C8D2DF0-A6DE-4739-AE75-96D7A28DB473}.Release|Any CPU.Build.0 = Release|Any CPU
		{8F0AB47B-323B-4487-8FBA-3B20B6428473}.Debug|Any CPU.ActiveCfg = Debug|Any CPU
		{8F0AB47B-323B-4487-8FBA-3B20B6428473}.Debug|Any CPU.Build.0 = Debug|Any CPU
		{8F0AB47B-323B-4487-8FBA-3B20B6428473}.Release|Any CPU.ActiveCfg = Release|Any CPU
		{8F0AB47B-323B-4487-8FBA-3B20B6428473}.Release|Any CPU.Build.0 = Release|Any CPU
		{4CE4A765-540B-4A5D-AB7A-22975429A9EC}.Debug|Any CPU.ActiveCfg = Debug|Any CPU
		{4CE4A765-540B-4A5D-AB7A-22975429A9EC}.Debug|Any CPU.Build.0 = Debug|Any CPU
		{4CE4A765-540B-4A5D-AB7A-22975429A9EC}.Release|Any CPU.ActiveCfg = Release|Any CPU
		{4CE4A765-540B-4A5D-AB7A-22975429A9EC}.Release|Any CPU.Build.0 = Release|Any CPU
		{3C62FB76-7E46-47C7-BA06-265063924ACC}.Debug|Any CPU.ActiveCfg = Debug|Any CPU
		{3C62FB76-7E46-47C7-BA06-265063924ACC}.Debug|Any CPU.Build.0 = Debug|Any CPU
		{3C62FB76-7E46-47C7-BA06-265063924ACC}.Release|Any CPU.ActiveCfg = Release|Any CPU
		{3C62FB76-7E46-47C7-BA06-265063924ACC}.Release|Any CPU.Build.0 = Release|Any CPU
		{2A34DB09-EB62-4A5E-B62E-312FE557592B}.Debug|Any CPU.ActiveCfg = Debug|Any CPU
		{2A34DB09-EB62-4A5E-B62E-312FE557592B}.Debug|Any CPU.Build.0 = Debug|Any CPU
		{2A34DB09-EB62-4A5E-B62E-312FE557592B}.Release|Any CPU.ActiveCfg = Release|Any CPU
		{2A34DB09-EB62-4A5E-B62E-312FE557592B}.Release|Any CPU.Build.0 = Release|Any CPU
		{A28C8184-DA09-468D-8130-E4098E2A19A6}.Debug|Any CPU.ActiveCfg = Debug|Any CPU
		{A28C8184-DA09-468D-8130-E4098E2A19A6}.Debug|Any CPU.Build.0 = Debug|Any CPU
		{A28C8184-DA09-468D-8130-E4098E2A19A6}.Release|Any CPU.ActiveCfg = Release|Any CPU
		{A28C8184-DA09-468D-8130-E4098E2A19A6}.Release|Any CPU.Build.0 = Release|Any CPU
	EndGlobalSection
	GlobalSection(SolutionProperties) = preSolution
		HideSolutionNode = FALSE
	EndGlobalSection
	GlobalSection(ExtensibilityGlobals) = postSolution
		SolutionGuid = {00851313-924F-4F6F-93D3-12700A0626D7}
	EndGlobalSection
EndGlobal
